// !$*UTF8*$!
{
	archiveVersion = 1;
	classes = {
	};
	objectVersion = 55;
	objects = {

/* Begin PBXBuildFile section */
		2A32609F281A8C4600B09A6B /* ModelData.swift in Sources */ = {isa = PBXBuildFile; fileRef = 2A32609E281A8C4600B09A6B /* ModelData.swift */; };
		2A3260A1281A8C8A00B09A6B /* MovieInfo.swift in Sources */ = {isa = PBXBuildFile; fileRef = 2A3260A0281A8C8A00B09A6B /* MovieInfo.swift */; };
		2A561891281A7CDF003A3288 /* MyMovieQuotesApp.swift in Sources */ = {isa = PBXBuildFile; fileRef = 2A561890281A7CDF003A3288 /* MyMovieQuotesApp.swift */; };
		2A561893281A7CDF003A3288 /* ContentView.swift in Sources */ = {isa = PBXBuildFile; fileRef = 2A561892281A7CDF003A3288 /* ContentView.swift */; };
		2A561895281A7CE0003A3288 /* Assets.xcassets in Resources */ = {isa = PBXBuildFile; fileRef = 2A561894281A7CE0003A3288 /* Assets.xcassets */; };
		2A561898281A7CE0003A3288 /* Preview Assets.xcassets in Resources */ = {isa = PBXBuildFile; fileRef = 2A561897281A7CE0003A3288 /* Preview Assets.xcassets */; };
		2A5618A2281A7CE0003A3288 /* MyMovieQuotesTests.swift in Sources */ = {isa = PBXBuildFile; fileRef = 2A5618A1281A7CE0003A3288 /* MyMovieQuotesTests.swift */; };
		2A5618AC281A7CE0003A3288 /* MyMovieQuotesUITests.swift in Sources */ = {isa = PBXBuildFile; fileRef = 2A5618AB281A7CE0003A3288 /* MyMovieQuotesUITests.swift */; };
		2A5618AE281A7CE0003A3288 /* MyMovieQuotesUITestsLaunchTests.swift in Sources */ = {isa = PBXBuildFile; fileRef = 2A5618AD281A7CE0003A3288 /* MyMovieQuotesUITestsLaunchTests.swift */; };
		2A5618C1281A7D43003A3288 /* MovieQuote.swift in Sources */ = {isa = PBXBuildFile; fileRef = 2A5618C0281A7D43003A3288 /* MovieQuote.swift */; };
		2A5618C3281A7D4D003A3288 /* MovieList.swift in Sources */ = {isa = PBXBuildFile; fileRef = 2A5618C2281A7D4D003A3288 /* MovieList.swift */; };
		2A5618C5281A7D59003A3288 /* MovieReview.swift in Sources */ = {isa = PBXBuildFile; fileRef = 2A5618C4281A7D59003A3288 /* MovieReview.swift */; };
		2A5618C9281A7DFA003A3288 /* MyMemoji.swift in Sources */ = {isa = PBXBuildFile; fileRef = 2A5618C8281A7DFA003A3288 /* MyMemoji.swift */; };
		2A5618CC281A7E12003A3288 /* MoviePoster.swift in Sources */ = {isa = PBXBuildFile; fileRef = 2A5618CB281A7E12003A3288 /* MoviePoster.swift */; };
		2A5618D0281A7E54003A3288 /* MovieQuotePoster.swift in Sources */ = {isa = PBXBuildFile; fileRef = 2A5618CF281A7E54003A3288 /* MovieQuotePoster.swift */; };
		2A5618D3281A899D003A3288 /* Movies.json in Resources */ = {isa = PBXBuildFile; fileRef = 2A5618D2281A899D003A3288 /* Movies.json */; };
		2A6C0C8728239984006E9FAB /* WritingQuote.swift in Sources */ = {isa = PBXBuildFile; fileRef = 2A6C0C8628239984006E9FAB /* WritingQuote.swift */; };
		2A6C0C892823AC42006E9FAB /* MovieInfoDummyData.swift in Sources */ = {isa = PBXBuildFile; fileRef = 2A6C0C882823AC42006E9FAB /* MovieInfoDummyData.swift */; };
		2A8F9DF5281E496D005A8918 /* MovieQuoteInList.swift in Sources */ = {isa = PBXBuildFile; fileRef = 2A8F9DF4281E496D005A8918 /* MovieQuoteInList.swift */; };
		2A8F9DF8281E7C01005A8918 /* Extension.swift in Sources */ = {isa = PBXBuildFile; fileRef = 2A8F9DF7281E7C01005A8918 /* Extension.swift */; };
		2A8F9DFC281F679E005A8918 /* VideoEmbed.swift in Sources */ = {isa = PBXBuildFile; fileRef = 2A8F9DFB281F679E005A8918 /* VideoEmbed.swift */; };
/* End PBXBuildFile section */

/* Begin PBXContainerItemProxy section */
		2A56189E281A7CE0003A3288 /* PBXContainerItemProxy */ = {
			isa = PBXContainerItemProxy;
			containerPortal = 2A561885281A7CDF003A3288 /* Project object */;
			proxyType = 1;
			remoteGlobalIDString = 2A56188C281A7CDF003A3288;
			remoteInfo = MyMovieQuotes;
		};
		2A5618A8281A7CE0003A3288 /* PBXContainerItemProxy */ = {
			isa = PBXContainerItemProxy;
			containerPortal = 2A561885281A7CDF003A3288 /* Project object */;
			proxyType = 1;
			remoteGlobalIDString = 2A56188C281A7CDF003A3288;
			remoteInfo = MyMovieQuotes;
		};
/* End PBXContainerItemProxy section */

/* Begin PBXFileReference section */
		2A32609E281A8C4600B09A6B /* ModelData.swift */ = {isa = PBXFileReference; lastKnownFileType = sourcecode.swift; path = ModelData.swift; sourceTree = "<group>"; };
		2A3260A0281A8C8A00B09A6B /* MovieInfo.swift */ = {isa = PBXFileReference; lastKnownFileType = sourcecode.swift; path = MovieInfo.swift; sourceTree = "<group>"; };
		2A56188D281A7CDF003A3288 /* MyMovieQuotes.app */ = {isa = PBXFileReference; explicitFileType = wrapper.application; includeInIndex = 0; path = MyMovieQuotes.app; sourceTree = BUILT_PRODUCTS_DIR; };
		2A561890281A7CDF003A3288 /* MyMovieQuotesApp.swift */ = {isa = PBXFileReference; lastKnownFileType = sourcecode.swift; path = MyMovieQuotesApp.swift; sourceTree = "<group>"; };
		2A561892281A7CDF003A3288 /* ContentView.swift */ = {isa = PBXFileReference; lastKnownFileType = sourcecode.swift; path = ContentView.swift; sourceTree = "<group>"; };
		2A561894281A7CE0003A3288 /* Assets.xcassets */ = {isa = PBXFileReference; lastKnownFileType = folder.assetcatalog; path = Assets.xcassets; sourceTree = "<group>"; };
		2A561897281A7CE0003A3288 /* Preview Assets.xcassets */ = {isa = PBXFileReference; lastKnownFileType = folder.assetcatalog; path = "Preview Assets.xcassets"; sourceTree = "<group>"; };
		2A56189D281A7CE0003A3288 /* MyMovieQuotesTests.xctest */ = {isa = PBXFileReference; explicitFileType = wrapper.cfbundle; includeInIndex = 0; path = MyMovieQuotesTests.xctest; sourceTree = BUILT_PRODUCTS_DIR; };
		2A5618A1281A7CE0003A3288 /* MyMovieQuotesTests.swift */ = {isa = PBXFileReference; lastKnownFileType = sourcecode.swift; path = MyMovieQuotesTests.swift; sourceTree = "<group>"; };
		2A5618A7281A7CE0003A3288 /* MyMovieQuotesUITests.xctest */ = {isa = PBXFileReference; explicitFileType = wrapper.cfbundle; includeInIndex = 0; path = MyMovieQuotesUITests.xctest; sourceTree = BUILT_PRODUCTS_DIR; };
		2A5618AB281A7CE0003A3288 /* MyMovieQuotesUITests.swift */ = {isa = PBXFileReference; lastKnownFileType = sourcecode.swift; path = MyMovieQuotesUITests.swift; sourceTree = "<group>"; };
		2A5618AD281A7CE0003A3288 /* MyMovieQuotesUITestsLaunchTests.swift */ = {isa = PBXFileReference; lastKnownFileType = sourcecode.swift; path = MyMovieQuotesUITestsLaunchTests.swift; sourceTree = "<group>"; };
		2A5618C0281A7D43003A3288 /* MovieQuote.swift */ = {isa = PBXFileReference; lastKnownFileType = sourcecode.swift; path = MovieQuote.swift; sourceTree = "<group>"; };
		2A5618C2281A7D4D003A3288 /* MovieList.swift */ = {isa = PBXFileReference; lastKnownFileType = sourcecode.swift; path = MovieList.swift; sourceTree = "<group>"; };
		2A5618C4281A7D59003A3288 /* MovieReview.swift */ = {isa = PBXFileReference; lastKnownFileType = sourcecode.swift; path = MovieReview.swift; sourceTree = "<group>"; };
		2A5618C8281A7DFA003A3288 /* MyMemoji.swift */ = {isa = PBXFileReference; lastKnownFileType = sourcecode.swift; path = MyMemoji.swift; sourceTree = "<group>"; };
		2A5618CB281A7E12003A3288 /* MoviePoster.swift */ = {isa = PBXFileReference; lastKnownFileType = sourcecode.swift; path = MoviePoster.swift; sourceTree = "<group>"; };
		2A5618CF281A7E54003A3288 /* MovieQuotePoster.swift */ = {isa = PBXFileReference; lastKnownFileType = sourcecode.swift; path = MovieQuotePoster.swift; sourceTree = "<group>"; };
		2A5618D2281A899D003A3288 /* Movies.json */ = {isa = PBXFileReference; lastKnownFileType = text.json; path = Movies.json; sourceTree = "<group>"; };
		2A6C0C8628239984006E9FAB /* WritingQuote.swift */ = {isa = PBXFileReference; lastKnownFileType = sourcecode.swift; path = WritingQuote.swift; sourceTree = "<group>"; };
		2A6C0C882823AC42006E9FAB /* MovieInfoDummyData.swift */ = {isa = PBXFileReference; lastKnownFileType = sourcecode.swift; path = MovieInfoDummyData.swift; sourceTree = "<group>"; };
		2A8F9DF4281E496D005A8918 /* MovieQuoteInList.swift */ = {isa = PBXFileReference; lastKnownFileType = sourcecode.swift; path = MovieQuoteInList.swift; sourceTree = "<group>"; };
		2A8F9DF7281E7C01005A8918 /* Extension.swift */ = {isa = PBXFileReference; lastKnownFileType = sourcecode.swift; path = Extension.swift; sourceTree = "<group>"; };
		2A8F9DFB281F679E005A8918 /* VideoEmbed.swift */ = {isa = PBXFileReference; lastKnownFileType = sourcecode.swift; path = VideoEmbed.swift; sourceTree = "<group>"; };
/* End PBXFileReference section */

/* Begin PBXFrameworksBuildPhase section */
		2A56188A281A7CDF003A3288 /* Frameworks */ = {
			isa = PBXFrameworksBuildPhase;
			buildActionMask = 2147483647;
			files = (
			);
			runOnlyForDeploymentPostprocessing = 0;
		};
		2A56189A281A7CE0003A3288 /* Frameworks */ = {
			isa = PBXFrameworksBuildPhase;
			buildActionMask = 2147483647;
			files = (
			);
			runOnlyForDeploymentPostprocessing = 0;
		};
		2A5618A4281A7CE0003A3288 /* Frameworks */ = {
			isa = PBXFrameworksBuildPhase;
			buildActionMask = 2147483647;
			files = (
			);
			runOnlyForDeploymentPostprocessing = 0;
		};
/* End PBXFrameworksBuildPhase section */

/* Begin PBXGroup section */
		2A32609B281A8C0B00B09A6B /* Model */ = {
			isa = PBXGroup;
			children = (
				2A32609E281A8C4600B09A6B /* ModelData.swift */,
				2A3260A0281A8C8A00B09A6B /* MovieInfo.swift */,
				2A6C0C882823AC42006E9FAB /* MovieInfoDummyData.swift */,
			);
			path = Model;
			sourceTree = "<group>";
		};
		2A561884281A7CDF003A3288 = {
			isa = PBXGroup;
			children = (
				2A56188F281A7CDF003A3288 /* MyMovieQuotes */,
				2A5618BD281A7D13003A3288 /* Views */,
				2A5618BC281A7CFE003A3288 /* Resources */,
				2A32609B281A8C0B00B09A6B /* Model */,
				2A5618A0281A7CE0003A3288 /* MyMovieQuotesTests */,
				2A5618AA281A7CE0003A3288 /* MyMovieQuotesUITests */,
				2A56188E281A7CDF003A3288 /* Products */,
			);
			sourceTree = "<group>";
		};
		2A56188E281A7CDF003A3288 /* Products */ = {
			isa = PBXGroup;
			children = (
				2A56188D281A7CDF003A3288 /* MyMovieQuotes.app */,
				2A56189D281A7CE0003A3288 /* MyMovieQuotesTests.xctest */,
				2A5618A7281A7CE0003A3288 /* MyMovieQuotesUITests.xctest */,
			);
			name = Products;
			sourceTree = "<group>";
		};
		2A56188F281A7CDF003A3288 /* MyMovieQuotes */ = {
			isa = PBXGroup;
			children = (
				2A8F9DF6281E7BF4005A8918 /* Extension */,
				2A561890281A7CDF003A3288 /* MyMovieQuotesApp.swift */,
				2A561892281A7CDF003A3288 /* ContentView.swift */,
				2A561894281A7CE0003A3288 /* Assets.xcassets */,
				2A561896281A7CE0003A3288 /* Preview Content */,
			);
			path = MyMovieQuotes;
			sourceTree = "<group>";
		};
		2A561896281A7CE0003A3288 /* Preview Content */ = {
			isa = PBXGroup;
			children = (
				2A561897281A7CE0003A3288 /* Preview Assets.xcassets */,
			);
			path = "Preview Content";
			sourceTree = "<group>";
		};
		2A5618A0281A7CE0003A3288 /* MyMovieQuotesTests */ = {
			isa = PBXGroup;
			children = (
				2A5618A1281A7CE0003A3288 /* MyMovieQuotesTests.swift */,
			);
			path = MyMovieQuotesTests;
			sourceTree = "<group>";
		};
		2A5618AA281A7CE0003A3288 /* MyMovieQuotesUITests */ = {
			isa = PBXGroup;
			children = (
				2A5618AB281A7CE0003A3288 /* MyMovieQuotesUITests.swift */,
				2A5618AD281A7CE0003A3288 /* MyMovieQuotesUITestsLaunchTests.swift */,
			);
			path = MyMovieQuotesUITests;
			sourceTree = "<group>";
		};
		2A5618BA281A7CE9003A3288 /* Components */ = {
			isa = PBXGroup;
			children = (
				2A5618C8281A7DFA003A3288 /* MyMemoji.swift */,
				2A5618CB281A7E12003A3288 /* MoviePoster.swift */,
			);
			path = Components;
			sourceTree = "<group>";
		};
		2A5618BC281A7CFE003A3288 /* Resources */ = {
			isa = PBXGroup;
			children = (
				2A5618D2281A899D003A3288 /* Movies.json */,
			);
			path = Resources;
			sourceTree = "<group>";
		};
		2A5618BD281A7D13003A3288 /* Views */ = {
			isa = PBXGroup;
			children = (
				2A6C0C8528239972006E9FAB /* WritingQuotes */,
				2A5618BA281A7CE9003A3288 /* Components */,
				2A5618D1281A7E70003A3288 /* MovieReview */,
				2A5618C7281A7D98003A3288 /* MovieList */,
				2A5618C6281A7D85003A3288 /* MovieQuote */,
			);
			path = Views;
			sourceTree = "<group>";
		};
		2A5618C6281A7D85003A3288 /* MovieQuote */ = {
			isa = PBXGroup;
			children = (
				2A5618C0281A7D43003A3288 /* MovieQuote.swift */,
				2A5618CF281A7E54003A3288 /* MovieQuotePoster.swift */,
			);
			path = MovieQuote;
			sourceTree = "<group>";
		};
		2A5618C7281A7D98003A3288 /* MovieList */ = {
			isa = PBXGroup;
			children = (
				2A5618C2281A7D4D003A3288 /* MovieList.swift */,
				2A8F9DF4281E496D005A8918 /* MovieQuoteInList.swift */,
			);
			path = MovieList;
			sourceTree = "<group>";
		};
		2A5618D1281A7E70003A3288 /* MovieReview */ = {
			isa = PBXGroup;
			children = (
				2A5618C4281A7D59003A3288 /* MovieReview.swift */,
				2A8F9DFB281F679E005A8918 /* VideoEmbed.swift */,
			);
			path = MovieReview;
			sourceTree = "<group>";
		};
		2A6C0C8528239972006E9FAB /* WritingQuotes */ = {
			isa = PBXGroup;
			children = (
				2A6C0C8628239984006E9FAB /* WritingQuote.swift */,
			);
			path = WritingQuotes;
			sourceTree = "<group>";
		};
		2A8F9DF6281E7BF4005A8918 /* Extension */ = {
			isa = PBXGroup;
			children = (
				2A8F9DF7281E7C01005A8918 /* Extension.swift */,
			);
			path = Extension;
			sourceTree = "<group>";
		};
/* End PBXGroup section */

/* Begin PBXNativeTarget section */
		2A56188C281A7CDF003A3288 /* MyMovieQuotes */ = {
			isa = PBXNativeTarget;
			buildConfigurationList = 2A5618B1281A7CE0003A3288 /* Build configuration list for PBXNativeTarget "MyMovieQuotes" */;
			buildPhases = (
				2A561889281A7CDF003A3288 /* Sources */,
				2A56188A281A7CDF003A3288 /* Frameworks */,
				2A56188B281A7CDF003A3288 /* Resources */,
			);
			buildRules = (
			);
			dependencies = (
			);
			name = MyMovieQuotes;
			productName = MyMovieQuotes;
			productReference = 2A56188D281A7CDF003A3288 /* MyMovieQuotes.app */;
			productType = "com.apple.product-type.application";
		};
		2A56189C281A7CE0003A3288 /* MyMovieQuotesTests */ = {
			isa = PBXNativeTarget;
			buildConfigurationList = 2A5618B4281A7CE0003A3288 /* Build configuration list for PBXNativeTarget "MyMovieQuotesTests" */;
			buildPhases = (
				2A561899281A7CE0003A3288 /* Sources */,
				2A56189A281A7CE0003A3288 /* Frameworks */,
				2A56189B281A7CE0003A3288 /* Resources */,
			);
			buildRules = (
			);
			dependencies = (
				2A56189F281A7CE0003A3288 /* PBXTargetDependency */,
			);
			name = MyMovieQuotesTests;
			productName = MyMovieQuotesTests;
			productReference = 2A56189D281A7CE0003A3288 /* MyMovieQuotesTests.xctest */;
			productType = "com.apple.product-type.bundle.unit-test";
		};
		2A5618A6281A7CE0003A3288 /* MyMovieQuotesUITests */ = {
			isa = PBXNativeTarget;
			buildConfigurationList = 2A5618B7281A7CE0003A3288 /* Build configuration list for PBXNativeTarget "MyMovieQuotesUITests" */;
			buildPhases = (
				2A5618A3281A7CE0003A3288 /* Sources */,
				2A5618A4281A7CE0003A3288 /* Frameworks */,
				2A5618A5281A7CE0003A3288 /* Resources */,
			);
			buildRules = (
			);
			dependencies = (
				2A5618A9281A7CE0003A3288 /* PBXTargetDependency */,
			);
			name = MyMovieQuotesUITests;
			productName = MyMovieQuotesUITests;
			productReference = 2A5618A7281A7CE0003A3288 /* MyMovieQuotesUITests.xctest */;
			productType = "com.apple.product-type.bundle.ui-testing";
		};
/* End PBXNativeTarget section */

/* Begin PBXProject section */
		2A561885281A7CDF003A3288 /* Project object */ = {
			isa = PBXProject;
			attributes = {
				BuildIndependentTargetsInParallel = 1;
				LastSwiftUpdateCheck = 1330;
				LastUpgradeCheck = 1330;
				TargetAttributes = {
					2A56188C281A7CDF003A3288 = {
						CreatedOnToolsVersion = 13.3;
					};
					2A56189C281A7CE0003A3288 = {
						CreatedOnToolsVersion = 13.3;
						TestTargetID = 2A56188C281A7CDF003A3288;
					};
					2A5618A6281A7CE0003A3288 = {
						CreatedOnToolsVersion = 13.3;
						TestTargetID = 2A56188C281A7CDF003A3288;
					};
				};
			};
			buildConfigurationList = 2A561888281A7CDF003A3288 /* Build configuration list for PBXProject "MyMovieQuotes" */;
			compatibilityVersion = "Xcode 13.0";
			developmentRegion = en;
			hasScannedForEncodings = 0;
			knownRegions = (
				en,
				Base,
			);
			mainGroup = 2A561884281A7CDF003A3288;
			productRefGroup = 2A56188E281A7CDF003A3288 /* Products */;
			projectDirPath = "";
			projectRoot = "";
			targets = (
				2A56188C281A7CDF003A3288 /* MyMovieQuotes */,
				2A56189C281A7CE0003A3288 /* MyMovieQuotesTests */,
				2A5618A6281A7CE0003A3288 /* MyMovieQuotesUITests */,
			);
		};
/* End PBXProject section */

/* Begin PBXResourcesBuildPhase section */
		2A56188B281A7CDF003A3288 /* Resources */ = {
			isa = PBXResourcesBuildPhase;
			buildActionMask = 2147483647;
			files = (
				2A561898281A7CE0003A3288 /* Preview Assets.xcassets in Resources */,
				2A561895281A7CE0003A3288 /* Assets.xcassets in Resources */,
				2A5618D3281A899D003A3288 /* Movies.json in Resources */,
			);
			runOnlyForDeploymentPostprocessing = 0;
		};
		2A56189B281A7CE0003A3288 /* Resources */ = {
			isa = PBXResourcesBuildPhase;
			buildActionMask = 2147483647;
			files = (
			);
			runOnlyForDeploymentPostprocessing = 0;
		};
		2A5618A5281A7CE0003A3288 /* Resources */ = {
			isa = PBXResourcesBuildPhase;
			buildActionMask = 2147483647;
			files = (
			);
			runOnlyForDeploymentPostprocessing = 0;
		};
/* End PBXResourcesBuildPhase section */

/* Begin PBXSourcesBuildPhase section */
		2A561889281A7CDF003A3288 /* Sources */ = {
			isa = PBXSourcesBuildPhase;
			buildActionMask = 2147483647;
			files = (
				2A561893281A7CDF003A3288 /* ContentView.swift in Sources */,
				2A5618D0281A7E54003A3288 /* MovieQuotePoster.swift in Sources */,
				2A32609F281A8C4600B09A6B /* ModelData.swift in Sources */,
				2A8F9DF8281E7C01005A8918 /* Extension.swift in Sources */,
				2A5618C5281A7D59003A3288 /* MovieReview.swift in Sources */,
				2A8F9DF5281E496D005A8918 /* MovieQuoteInList.swift in Sources */,
				2A5618C9281A7DFA003A3288 /* MyMemoji.swift in Sources */,
				2A6C0C8728239984006E9FAB /* WritingQuote.swift in Sources */,
				2A5618C1281A7D43003A3288 /* MovieQuote.swift in Sources */,
				2A3260A1281A8C8A00B09A6B /* MovieInfo.swift in Sources */,
				2A6C0C892823AC42006E9FAB /* MovieInfoDummyData.swift in Sources */,
				2A5618CC281A7E12003A3288 /* MoviePoster.swift in Sources */,
				2A5618C3281A7D4D003A3288 /* MovieList.swift in Sources */,
				2A561891281A7CDF003A3288 /* MyMovieQuotesApp.swift in Sources */,
				2A8F9DFC281F679E005A8918 /* VideoEmbed.swift in Sources */,
			);
			runOnlyForDeploymentPostprocessing = 0;
		};
		2A561899281A7CE0003A3288 /* Sources */ = {
			isa = PBXSourcesBuildPhase;
			buildActionMask = 2147483647;
			files = (
				2A5618A2281A7CE0003A3288 /* MyMovieQuotesTests.swift in Sources */,
			);
			runOnlyForDeploymentPostprocessing = 0;
		};
		2A5618A3281A7CE0003A3288 /* Sources */ = {
			isa = PBXSourcesBuildPhase;
			buildActionMask = 2147483647;
			files = (
				2A5618AE281A7CE0003A3288 /* MyMovieQuotesUITestsLaunchTests.swift in Sources */,
				2A5618AC281A7CE0003A3288 /* MyMovieQuotesUITests.swift in Sources */,
			);
			runOnlyForDeploymentPostprocessing = 0;
		};
/* End PBXSourcesBuildPhase section */

/* Begin PBXTargetDependency section */
		2A56189F281A7CE0003A3288 /* PBXTargetDependency */ = {
			isa = PBXTargetDependency;
			target = 2A56188C281A7CDF003A3288 /* MyMovieQuotes */;
			targetProxy = 2A56189E281A7CE0003A3288 /* PBXContainerItemProxy */;
		};
		2A5618A9281A7CE0003A3288 /* PBXTargetDependency */ = {
			isa = PBXTargetDependency;
			target = 2A56188C281A7CDF003A3288 /* MyMovieQuotes */;
			targetProxy = 2A5618A8281A7CE0003A3288 /* PBXContainerItemProxy */;
		};
/* End PBXTargetDependency section */

/* Begin XCBuildConfiguration section */
		2A5618AF281A7CE0003A3288 /* Debug */ = {
			isa = XCBuildConfiguration;
			buildSettings = {
				ALWAYS_SEARCH_USER_PATHS = NO;
				CLANG_ANALYZER_NONNULL = YES;
				CLANG_ANALYZER_NUMBER_OBJECT_CONVERSION = YES_AGGRESSIVE;
				CLANG_CXX_LANGUAGE_STANDARD = "gnu++17";
				CLANG_ENABLE_MODULES = YES;
				CLANG_ENABLE_OBJC_ARC = YES;
				CLANG_ENABLE_OBJC_WEAK = YES;
				CLANG_WARN_BLOCK_CAPTURE_AUTORELEASING = YES;
				CLANG_WARN_BOOL_CONVERSION = YES;
				CLANG_WARN_COMMA = YES;
				CLANG_WARN_CONSTANT_CONVERSION = YES;
				CLANG_WARN_DEPRECATED_OBJC_IMPLEMENTATIONS = YES;
				CLANG_WARN_DIRECT_OBJC_ISA_USAGE = YES_ERROR;
				CLANG_WARN_DOCUMENTATION_COMMENTS = YES;
				CLANG_WARN_EMPTY_BODY = YES;
				CLANG_WARN_ENUM_CONVERSION = YES;
				CLANG_WARN_INFINITE_RECURSION = YES;
				CLANG_WARN_INT_CONVERSION = YES;
				CLANG_WARN_NON_LITERAL_NULL_CONVERSION = YES;
				CLANG_WARN_OBJC_IMPLICIT_RETAIN_SELF = YES;
				CLANG_WARN_OBJC_LITERAL_CONVERSION = YES;
				CLANG_WARN_OBJC_ROOT_CLASS = YES_ERROR;
				CLANG_WARN_QUOTED_INCLUDE_IN_FRAMEWORK_HEADER = YES;
				CLANG_WARN_RANGE_LOOP_ANALYSIS = YES;
				CLANG_WARN_STRICT_PROTOTYPES = YES;
				CLANG_WARN_SUSPICIOUS_MOVE = YES;
				CLANG_WARN_UNGUARDED_AVAILABILITY = YES_AGGRESSIVE;
				CLANG_WARN_UNREACHABLE_CODE = YES;
				CLANG_WARN__DUPLICATE_METHOD_MATCH = YES;
				COPY_PHASE_STRIP = NO;
				DEBUG_INFORMATION_FORMAT = dwarf;
				ENABLE_STRICT_OBJC_MSGSEND = YES;
				ENABLE_TESTABILITY = YES;
				GCC_C_LANGUAGE_STANDARD = gnu11;
				GCC_DYNAMIC_NO_PIC = NO;
				GCC_NO_COMMON_BLOCKS = YES;
				GCC_OPTIMIZATION_LEVEL = 0;
				GCC_PREPROCESSOR_DEFINITIONS = (
					"DEBUG=1",
					"$(inherited)",
				);
				GCC_WARN_64_TO_32_BIT_CONVERSION = YES;
				GCC_WARN_ABOUT_RETURN_TYPE = YES_ERROR;
				GCC_WARN_UNDECLARED_SELECTOR = YES;
				GCC_WARN_UNINITIALIZED_AUTOS = YES_AGGRESSIVE;
				GCC_WARN_UNUSED_FUNCTION = YES;
				GCC_WARN_UNUSED_VARIABLE = YES;
				IPHONEOS_DEPLOYMENT_TARGET = 15.4;
				MTL_ENABLE_DEBUG_INFO = INCLUDE_SOURCE;
				MTL_FAST_MATH = YES;
				ONLY_ACTIVE_ARCH = YES;
				SDKROOT = iphoneos;
				SWIFT_ACTIVE_COMPILATION_CONDITIONS = DEBUG;
				SWIFT_OPTIMIZATION_LEVEL = "-Onone";
			};
			name = Debug;
		};
		2A5618B0281A7CE0003A3288 /* Release */ = {
			isa = XCBuildConfiguration;
			buildSettings = {
				ALWAYS_SEARCH_USER_PATHS = NO;
				CLANG_ANALYZER_NONNULL = YES;
				CLANG_ANALYZER_NUMBER_OBJECT_CONVERSION = YES_AGGRESSIVE;
				CLANG_CXX_LANGUAGE_STANDARD = "gnu++17";
				CLANG_ENABLE_MODULES = YES;
				CLANG_ENABLE_OBJC_ARC = YES;
				CLANG_ENABLE_OBJC_WEAK = YES;
				CLANG_WARN_BLOCK_CAPTURE_AUTORELEASING = YES;
				CLANG_WARN_BOOL_CONVERSION = YES;
				CLANG_WARN_COMMA = YES;
				CLANG_WARN_CONSTANT_CONVERSION = YES;
				CLANG_WARN_DEPRECATED_OBJC_IMPLEMENTATIONS = YES;
				CLANG_WARN_DIRECT_OBJC_ISA_USAGE = YES_ERROR;
				CLANG_WARN_DOCUMENTATION_COMMENTS = YES;
				CLANG_WARN_EMPTY_BODY = YES;
				CLANG_WARN_ENUM_CONVERSION = YES;
				CLANG_WARN_INFINITE_RECURSION = YES;
				CLANG_WARN_INT_CONVERSION = YES;
				CLANG_WARN_NON_LITERAL_NULL_CONVERSION = YES;
				CLANG_WARN_OBJC_IMPLICIT_RETAIN_SELF = YES;
				CLANG_WARN_OBJC_LITERAL_CONVERSION = YES;
				CLANG_WARN_OBJC_ROOT_CLASS = YES_ERROR;
				CLANG_WARN_QUOTED_INCLUDE_IN_FRAMEWORK_HEADER = YES;
				CLANG_WARN_RANGE_LOOP_ANALYSIS = YES;
				CLANG_WARN_STRICT_PROTOTYPES = YES;
				CLANG_WARN_SUSPICIOUS_MOVE = YES;
				CLANG_WARN_UNGUARDED_AVAILABILITY = YES_AGGRESSIVE;
				CLANG_WARN_UNREACHABLE_CODE = YES;
				CLANG_WARN__DUPLICATE_METHOD_MATCH = YES;
				COPY_PHASE_STRIP = NO;
				DEBUG_INFORMATION_FORMAT = "dwarf-with-dsym";
				ENABLE_NS_ASSERTIONS = NO;
				ENABLE_STRICT_OBJC_MSGSEND = YES;
				GCC_C_LANGUAGE_STANDARD = gnu11;
				GCC_NO_COMMON_BLOCKS = YES;
				GCC_WARN_64_TO_32_BIT_CONVERSION = YES;
				GCC_WARN_ABOUT_RETURN_TYPE = YES_ERROR;
				GCC_WARN_UNDECLARED_SELECTOR = YES;
				GCC_WARN_UNINITIALIZED_AUTOS = YES_AGGRESSIVE;
				GCC_WARN_UNUSED_FUNCTION = YES;
				GCC_WARN_UNUSED_VARIABLE = YES;
				IPHONEOS_DEPLOYMENT_TARGET = 15.4;
				MTL_ENABLE_DEBUG_INFO = NO;
				MTL_FAST_MATH = YES;
				SDKROOT = iphoneos;
				SWIFT_COMPILATION_MODE = wholemodule;
				SWIFT_OPTIMIZATION_LEVEL = "-O";
				VALIDATE_PRODUCT = YES;
			};
			name = Release;
		};
		2A5618B2281A7CE0003A3288 /* Debug */ = {
			isa = XCBuildConfiguration;
			buildSettings = {
				ASSETCATALOG_COMPILER_APPICON_NAME = AppIcon;
				ASSETCATALOG_COMPILER_GLOBAL_ACCENT_COLOR_NAME = AccentColor;
				CODE_SIGN_STYLE = Automatic;
				CURRENT_PROJECT_VERSION = 1;
				DEVELOPMENT_ASSET_PATHS = "\"MyMovieQuotes/Preview Content\"";
				DEVELOPMENT_TEAM = 25YUTG4RN5;
				ENABLE_PREVIEWS = YES;
				GENERATE_INFOPLIST_FILE = YES;
				INFOPLIST_KEY_UIApplicationSceneManifest_Generation = YES;
				INFOPLIST_KEY_UIApplicationSupportsIndirectInputEvents = YES;
				INFOPLIST_KEY_UILaunchScreen_Generation = YES;
				INFOPLIST_KEY_UISupportedInterfaceOrientations_iPad = "UIInterfaceOrientationPortrait UIInterfaceOrientationPortraitUpsideDown UIInterfaceOrientationLandscapeLeft UIInterfaceOrientationLandscapeRight";
				INFOPLIST_KEY_UISupportedInterfaceOrientations_iPhone = "UIInterfaceOrientationPortrait UIInterfaceOrientationLandscapeLeft UIInterfaceOrientationLandscapeRight";
				IPHONEOS_DEPLOYMENT_TARGET = 15.4;
				LD_RUNPATH_SEARCH_PATHS = (
					"$(inherited)",
					"@executable_path/Frameworks",
				);
				MARKETING_VERSION = 1.0;
				PRODUCT_BUNDLE_IDENTIFIER = com.taek.MyMovieQuotes;
				PRODUCT_NAME = "$(TARGET_NAME)";
				SWIFT_EMIT_LOC_STRINGS = YES;
				SWIFT_VERSION = 5.0;
				TARGETED_DEVICE_FAMILY = "1,2";
			};
			name = Debug;
		};
		2A5618B3281A7CE0003A3288 /* Release */ = {
			isa = XCBuildConfiguration;
			buildSettings = {
				ASSETCATALOG_COMPILER_APPICON_NAME = AppIcon;
				ASSETCATALOG_COMPILER_GLOBAL_ACCENT_COLOR_NAME = AccentColor;
				CODE_SIGN_STYLE = Automatic;
				CURRENT_PROJECT_VERSION = 1;
				DEVELOPMENT_ASSET_PATHS = "\"MyMovieQuotes/Preview Content\"";
				DEVELOPMENT_TEAM = 25YUTG4RN5;
				ENABLE_PREVIEWS = YES;
				GENERATE_INFOPLIST_FILE = YES;
				INFOPLIST_KEY_UIApplicationSceneManifest_Generation = YES;
				INFOPLIST_KEY_UIApplicationSupportsIndirectInputEvents = YES;
				INFOPLIST_KEY_UILaunchScreen_Generation = YES;
				INFOPLIST_KEY_UISupportedInterfaceOrientations_iPad = "UIInterfaceOrientationPortrait UIInterfaceOrientationPortraitUpsideDown UIInterfaceOrientationLandscapeLeft UIInterfaceOrientationLandscapeRight";
				INFOPLIST_KEY_UISupportedInterfaceOrientations_iPhone = "UIInterfaceOrientationPortrait UIInterfaceOrientationLandscapeLeft UIInterfaceOrientationLandscapeRight";
				IPHONEOS_DEPLOYMENT_TARGET = 15.4;
				LD_RUNPATH_SEARCH_PATHS = (
					"$(inherited)",
					"@executable_path/Frameworks",
				);
				MARKETING_VERSION = 1.0;
				PRODUCT_BUNDLE_IDENTIFIER = com.taek.MyMovieQuotes;
				PRODUCT_NAME = "$(TARGET_NAME)";
				SWIFT_EMIT_LOC_STRINGS = YES;
				SWIFT_VERSION = 5.0;
				TARGETED_DEVICE_FAMILY = "1,2";
			};
			name = Release;
		};
		2A5618B5281A7CE0003A3288 /* Debug */ = {
			isa = XCBuildConfiguration;
			buildSettings = {
				ALWAYS_EMBED_SWIFT_STANDARD_LIBRARIES = YES;
				BUNDLE_LOADER = "$(TEST_HOST)";
				CODE_SIGN_STYLE = Automatic;
				CURRENT_PROJECT_VERSION = 1;
				GENERATE_INFOPLIST_FILE = YES;
				IPHONEOS_DEPLOYMENT_TARGET = 15.4;
				MARKETING_VERSION = 1.0;
				PRODUCT_BUNDLE_IDENTIFIER = com.taek.MyMovieQuotesTests;
				PRODUCT_NAME = "$(TARGET_NAME)";
				SWIFT_EMIT_LOC_STRINGS = NO;
				SWIFT_VERSION = 5.0;
				TARGETED_DEVICE_FAMILY = "1,2";
				TEST_HOST = "$(BUILT_PRODUCTS_DIR)/MyMovieQuotes.app/MyMovieQuotes";
			};
			name = Debug;
		};
		2A5618B6281A7CE0003A3288 /* Release */ = {
			isa = XCBuildConfiguration;
			buildSettings = {
				ALWAYS_EMBED_SWIFT_STANDARD_LIBRARIES = YES;
				BUNDLE_LOADER = "$(TEST_HOST)";
				CODE_SIGN_STYLE = Automatic;
				CURRENT_PROJECT_VERSION = 1;
				GENERATE_INFOPLIST_FILE = YES;
				IPHONEOS_DEPLOYMENT_TARGET = 15.4;
				MARKETING_VERSION = 1.0;
				PRODUCT_BUNDLE_IDENTIFIER = com.taek.MyMovieQuotesTests;
				PRODUCT_NAME = "$(TARGET_NAME)";
				SWIFT_EMIT_LOC_STRINGS = NO;
				SWIFT_VERSION = 5.0;
				TARGETED_DEVICE_FAMILY = "1,2";
				TEST_HOST = "$(BUILT_PRODUCTS_DIR)/MyMovieQuotes.app/MyMovieQuotes";
			};
			name = Release;
		};
		2A5618B8281A7CE0003A3288 /* Debug */ = {
			isa = XCBuildConfiguration;
			buildSettings = {
				ALWAYS_EMBED_SWIFT_STANDARD_LIBRARIES = YES;
				CODE_SIGN_STYLE = Automatic;
				CURRENT_PROJECT_VERSION = 1;
				GENERATE_INFOPLIST_FILE = YES;
				MARKETING_VERSION = 1.0;
				PRODUCT_BUNDLE_IDENTIFIER = com.taek.MyMovieQuotesUITests;
				PRODUCT_NAME = "$(TARGET_NAME)";
				SWIFT_EMIT_LOC_STRINGS = NO;
				SWIFT_VERSION = 5.0;
				TARGETED_DEVICE_FAMILY = "1,2";
				TEST_TARGET_NAME = MyMovieQuotes;
			};
			name = Debug;
		};
		2A5618B9281A7CE0003A3288 /* Release */ = {
			isa = XCBuildConfiguration;
			buildSettings = {
				ALWAYS_EMBED_SWIFT_STANDARD_LIBRARIES = YES;
				CODE_SIGN_STYLE = Automatic;
				CURRENT_PROJECT_VERSION = 1;
				GENERATE_INFOPLIST_FILE = YES;
				MARKETING_VERSION = 1.0;
				PRODUCT_BUNDLE_IDENTIFIER = com.taek.MyMovieQuotesUITests;
				PRODUCT_NAME = "$(TARGET_NAME)";
				SWIFT_EMIT_LOC_STRINGS = NO;
				SWIFT_VERSION = 5.0;
				TARGETED_DEVICE_FAMILY = "1,2";
				TEST_TARGET_NAME = MyMovieQuotes;
			};
			name = Release;
		};
/* End XCBuildConfiguration section */

/* Begin XCConfigurationList section */
		2A561888281A7CDF003A3288 /* Build configuration list for PBXProject "MyMovieQuotes" */ = {
			isa = XCConfigurationList;
			buildConfigurations = (
				2A5618AF281A7CE0003A3288 /* Debug */,
				2A5618B0281A7CE0003A3288 /* Release */,
			);
			defaultConfigurationIsVisible = 0;
			defaultConfigurationName = Release;
		};
		2A5618B1281A7CE0003A3288 /* Build configuration list for PBXNativeTarget "MyMovieQuotes" */ = {
			isa = XCConfigurationList;
			buildConfigurations = (
				2A5618B2281A7CE0003A3288 /* Debug */,
				2A5618B3281A7CE0003A3288 /* Release */,
			);
			defaultConfigurationIsVisible = 0;
			defaultConfigurationName = Release;
		};
		2A5618B4281A7CE0003A3288 /* Build configuration list for PBXNativeTarget "MyMovieQuotesTests" */ = {
			isa = XCConfigurationList;
			buildConfigurations = (
				2A5618B5281A7CE0003A3288 /* Debug */,
				2A5618B6281A7CE0003A3288 /* Release */,
			);
			defaultConfigurationIsVisible = 0;
			defaultConfigurationName = Release;
		};
		2A5618B7281A7CE0003A3288 /* Build configuration list for PBXNativeTarget "MyMovieQuotesUITests" */ = {
			isa = XCConfigurationList;
			buildConfigurations = (
				2A5618B8281A7CE0003A3288 /* Debug */,
				2A5618B9281A7CE0003A3288 /* Release */,
			);
			defaultConfigurationIsVisible = 0;
			defaultConfigurationName = Release;
		};
/* End XCConfigurationList section */
	};
	rootObject = 2A561885281A7CDF003A3288 /* Project object */;
}
